{
    "_meta": {
        "hash": {
            "sha256": "acbe43472d5f116c53082c0aaa65bd31af393ad17ddd77c25db0f717868950bc"
        },
        "pipfile-spec": 6,
        "requires": {},
        "sources": [
            {
                "name": "pypi",
                "url": "https://pypi.python.org/simple",
                "verify_ssl": true
            }
        ]
    },
    "default": {
        "ballcone": {
            "editable": true,
            "path": "."
        },
        "sanitized-package": {
            "editable": true,
            "path": "."
        }
    },
    "develop": {
        "ballcone": {
            "editable": true,
            "path": "."
        },
        "pygments": {
            "hashes": [
                "sha256:77a3299119af881904cd5ecd1ac6a66214b6e9bed1f2db16993b54adede64094",
                "sha256:f7e36cffc4c517fbc252861b9a6e4644ca0e5abadf9a113c72d1358ad09b9500"
            ],
            "index": "pypi",
            "version": "==2.15.0"
        },
        "sanitized-package": {
            "editable": true,
            "path": "."
        }
    }
}
